
Microsoft Visual Studio Solution File, Format Version 12.00
# Visual Studio Version 17
VisualStudioVersion = 17.14.36811.4 d17.14
MinimumVisualStudioVersion = 10.0.40219.1
Project("{FAE04EC0-301F-11D3-BF4B-00C04F79EFBC}") = "Gateway.API", "Gateway.API.csproj", "{83DF76F4-B6C7-4666-8750-3F0CA7B1B7C6}"
EndProject
Global
	GlobalSection(SolutionConfigurationPlatforms) = preSolution
		Debug|Any CPU = Debug|Any CPU
		Release|Any CPU = Release|Any CPU
	EndGlobalSection
	GlobalSection(ProjectConfigurationPlatforms) = postSolution
		{83DF76F4-B6C7-4666-8750-3F0CA7B1B7C6}.Debug|Any CPU.ActiveCfg = Debug|Any CPU
		{83DF76F4-B6C7-4666-8750-3F0CA7B1B7C6}.Debug|Any CPU.Build.0 = Debug|Any CPU
		{83DF76F4-B6C7-4666-8750-3F0CA7B1B7C6}.Release|Any CPU.ActiveCfg = Release|Any CPU
		{83DF76F4-B6C7-4666-8750-3F0CA7B1B7C6}.Release|Any CPU.Build.0 = Release|Any CPU
	EndGlobalSection
	GlobalSection(SolutionProperties) = preSolution
		HideSolutionNode = FALSE
	EndGlobalSection
	GlobalSection(ExtensibilityGlobals) = postSolution
		SolutionGuid = {59063046-E1EA-4778-B363-B97F6AED833E}
	EndGlobalSection
EndGlobal
